
Microsoft Visual Studio Solution File, Format Version 12.00
# Visual Studio Version 17
VisualStudioVersion = 17.11.35327.3
MinimumVisualStudioVersion = 10.0.40219.1
Project("{FAE04EC0-301F-11D3-BF4B-00C04F79EFBC}") = "MultidimentionalArray", "MultidimentionalArray.csproj", "{DDEB54B5-E361-495F-9AC2-0A73A4913E43}"
EndProject
Global
	GlobalSection(SolutionConfigurationPlatforms) = preSolution
		Debug|Any CPU = Debug|Any CPU
		Release|Any CPU = Release|Any CPU
	EndGlobalSection
	GlobalSection(ProjectConfigurationPlatforms) = postSolution
		{DDEB54B5-E361-495F-9AC2-0A73A4913E43}.Debug|Any CPU.ActiveCfg = Debug|Any CPU
		{DDEB54B5-E361-495F-9AC2-0A73A4913E43}.Debug|Any CPU.Build.0 = Debug|Any CPU
		{DDEB54B5-E361-495F-9AC2-0A73A4913E43}.Release|Any CPU.ActiveCfg = Release|Any CPU
		{DDEB54B5-E361-495F-9AC2-0A73A4913E43}.Release|Any CPU.Build.0 = Release|Any CPU
	EndGlobalSection
	GlobalSection(SolutionProperties) = preSolution
		HideSolutionNode = FALSE
	EndGlobalSection
	GlobalSection(ExtensibilityGlobals) = postSolution
		SolutionGuid = {78B806A9-542D-4AD2-BB3F-194B5E653FE7}
	EndGlobalSection
EndGlobal
