
Microsoft Visual Studio Solution File, Format Version 12.00
# Visual Studio Version 17
VisualStudioVersion = 17.11.35327.3
MinimumVisualStudioVersion = 10.0.40219.1
Project("{FAE04EC0-301F-11D3-BF4B-00C04F79EFBC}") = "strings", "strings.csproj", "{92914568-9D74-4E6B-994F-C47BCC5C3BEB}"
EndProject
Global
	GlobalSection(SolutionConfigurationPlatforms) = preSolution
		Debug|Any CPU = Debug|Any CPU
		Release|Any CPU = Release|Any CPU
	EndGlobalSection
	GlobalSection(ProjectConfigurationPlatforms) = postSolution
		{92914568-9D74-4E6B-994F-C47BCC5C3BEB}.Debug|Any CPU.ActiveCfg = Debug|Any CPU
		{92914568-9D74-4E6B-994F-C47BCC5C3BEB}.Debug|Any CPU.Build.0 = Debug|Any CPU
		{92914568-9D74-4E6B-994F-C47BCC5C3BEB}.Release|Any CPU.ActiveCfg = Release|Any CPU
		{92914568-9D74-4E6B-994F-C47BCC5C3BEB}.Release|Any CPU.Build.0 = Release|Any CPU
	EndGlobalSection
	GlobalSection(SolutionProperties) = preSolution
		HideSolutionNode = FALSE
	EndGlobalSection
	GlobalSection(ExtensibilityGlobals) = postSolution
		SolutionGuid = {7D1CB3CD-F134-46BE-B162-3C50951B4D12}
	EndGlobalSection
EndGlobal
