
Microsoft Visual Studio Solution File, Format Version 12.00
# Visual Studio Version 17
VisualStudioVersion = 17.11.35327.3
MinimumVisualStudioVersion = 10.0.40219.1
Project("{FAE04EC0-301F-11D3-BF4B-00C04F79EFBC}") = "ConvertTemperature", "ConvertTemperature.csproj", "{1C8310BA-DC21-4011-B9BE-A35DFA4BC4B6}"
EndProject
Global
	GlobalSection(SolutionConfigurationPlatforms) = preSolution
		Debug|Any CPU = Debug|Any CPU
		Release|Any CPU = Release|Any CPU
	EndGlobalSection
	GlobalSection(ProjectConfigurationPlatforms) = postSolution
		{1C8310BA-DC21-4011-B9BE-A35DFA4BC4B6}.Debug|Any CPU.ActiveCfg = Debug|Any CPU
		{1C8310BA-DC21-4011-B9BE-A35DFA4BC4B6}.Debug|Any CPU.Build.0 = Debug|Any CPU
		{1C8310BA-DC21-4011-B9BE-A35DFA4BC4B6}.Release|Any CPU.ActiveCfg = Release|Any CPU
		{1C8310BA-DC21-4011-B9BE-A35DFA4BC4B6}.Release|Any CPU.Build.0 = Release|Any CPU
	EndGlobalSection
	GlobalSection(SolutionProperties) = preSolution
		HideSolutionNode = FALSE
	EndGlobalSection
	GlobalSection(ExtensibilityGlobals) = postSolution
		SolutionGuid = {20D8791F-FDF7-4365-BD64-C5779714BBB6}
	EndGlobalSection
EndGlobal
